
Microsoft Visual Studio Solution File, Format Version 12.00
# Visual Studio 15
VisualStudioVersion = 15.0.27130.2010
MinimumVisualStudioVersion = 10.0.40219.1
Project("{FAE04EC0-301F-11D3-BF4B-00C04F79EFBC}") = "ImageBondingService", "ImageBondingService\ImageBondingService.csproj", "{B93D2822-59C1-48EE-8005-97069FDDA380}"
EndProject
Project("{FAE04EC0-301F-11D3-BF4B-00C04F79EFBC}") = "DocumentQueueService", "DocumentQueueService\DocumentQueueService.csproj", "{E6E8AC0F-6087-438C-AD14-4AA87E6604E6}"
EndProject
Global
	GlobalSection(SolutionConfigurationPlatforms) = preSolution
		Debug|Any CPU = Debug|Any CPU
		Release|Any CPU = Release|Any CPU
	EndGlobalSection
	GlobalSection(ProjectConfigurationPlatforms) = postSolution
		{B93D2822-59C1-48EE-8005-97069FDDA380}.Debug|Any CPU.ActiveCfg = Debug|Any CPU
		{B93D2822-59C1-48EE-8005-97069FDDA380}.Debug|Any CPU.Build.0 = Debug|Any CPU
		{B93D2822-59C1-48EE-8005-97069FDDA380}.Release|Any CPU.ActiveCfg = Release|Any CPU
		{B93D2822-59C1-48EE-8005-97069FDDA380}.Release|Any CPU.Build.0 = Release|Any CPU
		{E6E8AC0F-6087-438C-AD14-4AA87E6604E6}.Debug|Any CPU.ActiveCfg = Debug|Any CPU
		{E6E8AC0F-6087-438C-AD14-4AA87E6604E6}.Debug|Any CPU.Build.0 = Debug|Any CPU
		{E6E8AC0F-6087-438C-AD14-4AA87E6604E6}.Release|Any CPU.ActiveCfg = Release|Any CPU
		{E6E8AC0F-6087-438C-AD14-4AA87E6604E6}.Release|Any CPU.Build.0 = Release|Any CPU
	EndGlobalSection
	GlobalSection(SolutionProperties) = preSolution
		HideSolutionNode = FALSE
	EndGlobalSection
	GlobalSection(ExtensibilityGlobals) = postSolution
		SolutionGuid = {6D232CE2-E256-45F1-8F0C-97EA1F56D62B}
	EndGlobalSection
EndGlobal
